github.com/cheynewallace/tabby v1.1.1 h1:JvUR8waht4Y0S3JF17G6Vhyt+FRhnqVCkk8l4YrOU54=
github.com/cheynewallace/tabby v1.1.1/go.mod h1:Pba/6cUL8uYqvOc9RkyvFbHGrQ9wShyrn6/S/1OYVys=
github.com/cpuguy83/go-md2man/v2 v2.0.6/go.mod h1:oOW0eioCTA6cOiMLiUPZOpcVxMig6NIQQ7OS05n1F4g=
github.com/inconshreveable/mousetrap v1.1.0 h1:wN+x4NVGpMsO7ErUn/mUI3vEoE6Jt13X2s0bqwp9tc8=
github.com/inconshreveable/mousetrap v1.1.0/go.mod h1:vpF70FUmC8bwa3OWnCshd2FqLfsEA9PFc4w1p2J65bw=
github.com/kr/pretty v0.2.1 h1:Fmg33tUaq4/8ym9TJN1x7sLJnHVwhP33CNkpYV/7rwI=
github.com/kr/pretty v0.2.1/go.mod h1:ipq/a2n7PKx3OHsz4KJII5eveXtPO4qwEXGdVfWzfnI=
github.com/kr/text v0.1.0 h1:45sCR5RtlFHMR4UwH9sdQ5TC8v0qDQCHnXt+kaKSTVE=
github.com/kr/text v0.1.0/go.mod h1:4Jbv+DJW3UT/LiOwJeYQe1efqtUx/iVham/4vfdArNI=
github.com/leaseweb/leaseweb-go-sdk/abuse v0.0.0-20241230080126-b69fe1e90523 h1:JqKiUaPxmBdPVDH2HjgWKqotGJkC2OkmBZS8WXNW/TM=
github.com/leaseweb/leaseweb-go-sdk/abuse v0.0.0-20241230080126-b69fe1e90523/go.mod h1:VofRmCtVcL3IWjG1IWrlErHm+NWDq7B1tmfDjn58Xg8=
github.com/leaseweb/leaseweb-go-sdk/aggregationpack v0.0.0-20241230080126-b69fe1e90523 h1:BdO1KTCRFZbFBv9rPyNbIiw9mZGU0ynEx41orOMdNXk=
github.com/leaseweb/leaseweb-go-sdk/aggregationpack v0.0.0-20241230080126-b69fe1e90523/go.mod h1:QIKF5Qfot2Yv7/hf/48FDSiL4xGUgPLh1lC+NOVGz58=
github.com/leaseweb/leaseweb-go-sdk/dedicatedserver v0.0.0-20241230080126-b69fe1e90523 h1:z65Hnhcoyt2OKSJaRuFpq1pelF2CZwSFd23THP/xVIo=
github.com/leaseweb/leaseweb-go-sdk/dedicatedserver v0.0.0-20241230080126-b69fe1e90523/go.mod h1:8c8VAxXnjCxuUEss0Unrd5NB9o7oAkOPeORCs58y76s=
github.com/leaseweb/leaseweb-go-sdk/dns v0.0.0-20241230080126-b69fe1e90523 h1:epy0ZAevaPJFDFoLTwgjC3nrDGIKbSyypKDK1q01/P0=
github.com/leaseweb/leaseweb-go-sdk/dns v0.0.0-20241230080126-b69fe1e90523/go.mod h1:ntxqh2fT7XDwjPLNsWtq6tTjwjL/75llxnbzEZvvzIo=
github.com/leaseweb/leaseweb-go-sdk/invoice v0.0.0-20241230080126-b69fe1e90523 h1:FRuakiHP9eA9blzNobjRfMG9j9GRdecUMBNWL+QAZ1Y=
github.com/leaseweb/leaseweb-go-sdk/invoice v0.0.0-20241230080126-b69fe1e90523/go.mod h1:lI/W9zHBEvjaNrF9tiUqDSxaUose3NkI4H+TqqEdR94=
github.com/leaseweb/leaseweb-go-sdk/ipmgmt v0.0.0-20241230080126-b69fe1e90523 h1:N0z2tDWYswelZSX56xFuqeQG796kyJWvk5Q8AUjYXek=
github.com/leaseweb/leaseweb-go-sdk/ipmgmt v0.0.0-20241230080126-b69fe1e90523/go.mod h1:ipS7tM7zdo0VGHnw6RF5e+7O0aPI7xAj/C5JjJPh6hU=
github.com/leaseweb/leaseweb-go-sdk/publiccloud v0.0.0-20241230080126-b69fe1e90523 h1:Wd+skr/3HAHfOdnryeYoBLL+pJz2zz4T355CZjc2M/E=
github.com/leaseweb/leaseweb-go-sdk/publiccloud v0.0.0-20241230080126-b69fe1e90523/go.mod h1:AYJsx8WlHYQXRAzEMuXzuApwIctcLPFazfAo9uy6ogY=
github.com/leaseweb/leaseweb-go-sdk/v3 v3.3.1 h1:Y+yz+XMgfeB8eWgi34oXt/JYmkIxywMVD7Bduw6ZXv4=
github.com/leaseweb/leaseweb-go-sdk/v3 v3.3.1/go.mod h1:FMg/hK326O3Y+IOBDZNDhcdujha6YYQDNWPkODrGcgw=
github.com/russross/blackfriday/v2 v2.1.0/go.mod h1:+Rmxgy9KzJVeS9/2gXHxylqXiyQDYRxCVz55jmeOWTM=
github.com/spf13/cobra v1.9.1 h1:CXSaggrXdbHK9CF+8ywj8Amf7PBRmPCOJugH954Nnlo=
github.com/spf13/cobra v1.9.1/go.mod h1:nDyEzZ8ogv936Cinf6g1RU9MRY64Ir93oCnqb9wxYW0=
github.com/spf13/pflag v1.0.6 h1:jFzHGLGAlb3ruxLB8MhbI6A8+AQX/2eW4qeyNZXNp2o=
github.com/spf13/pflag v1.0.6/go.mod h1:McXfInJRrz4CZXVZOBLb0bTZqETkiAhM9Iw0y3An2Bg=
golang.org/x/sys v0.30.0 h1:QjkSwP/36a20jFYWkSue1YwXzLmsV5Gfq7Eiy72C1uc=
golang.org/x/sys v0.30.0/go.mod h1:/VUhepiaJMQUp4+oa/7Zr1D23ma6VTLIYjOOTFZPUcA=
golang.org/x/term v0.29.0 h1:L6pJp37ocefwRRtYPKSWOWzOtWSxVajvz2ldH/xi3iU=
golang.org/x/term v0.29.0/go.mod h1:6bl4lRlvVuDgSf3179VpIxBF0o10JUpXWOnI7nErv7s=
gopkg.in/check.v1 v0.0.0-20161208181325-20d25e280405/go.mod h1:Co6ibVJAznAaIkqp8huTwlJQCZ016jof/cbN4VW5Yz0=
gopkg.in/check.v1 v1.0.0-20201130134442-10cb98267c6c h1:Hei/4ADfdWqJk1ZMxUNpqntNwaWcugrBjAiHlqqRiVk=
gopkg.in/check.v1 v1.0.0-20201130134442-10cb98267c6c/go.mod h1:JHkPIbrfpd72SG/EVd6muEfDQjcINNoR0C8j2r3qZ4Q=
gopkg.in/validator.v2 v2.0.1 h1:xF0KWyGWXm/LM2G1TrEjqOu4pa6coO9AlWSf3msVfDY=
gopkg.in/validator.v2 v2.0.1/go.mod h1:lIUZBlB3Im4s/eYp39Ry/wkR02yOPhZ9IwIRBjuPuG8=
gopkg.in/yaml.v3 v3.0.1/go.mod h1:K4uyk7z7BCEPqu6E+C64Yfv1cQ7kz7rIZviUmN+EgEM=
